
Microsoft Visual Studio Solution File, Format Version 12.00
# Visual Studio 15
VisualStudioVersion = 15.0.26124.0
MinimumVisualStudioVersion = 15.0.26124.0
Project("{FAE04EC0-301F-11D3-BF4B-00C04F79EFBC}") = "Persisten", "Persisten\Persisten.csproj", "{00702B78-CF5C-4F01-9680-4F05306BF7B1}"
EndProject
Project("{FAE04EC0-301F-11D3-BF4B-00C04F79EFBC}") = "DAL", "DAL\DAL.csproj", "{D1794D1D-1CDB-4626-840C-7A0C5DA076B2}"
EndProject
Project("{FAE04EC0-301F-11D3-BF4B-00C04F79EFBC}") = "BL", "BL\BL.csproj", "{F8B4F6F3-1956-4049-9E84-000D61C52FCD}"
EndProject
Project("{FAE04EC0-301F-11D3-BF4B-00C04F79EFBC}") = "PL_Console", "PL_Console\PL_Console.csproj", "{B7E1F791-41B1-4EE8-8A1A-33F2EDBEC003}"
EndProject
Project("{FAE04EC0-301F-11D3-BF4B-00C04F79EFBC}") = "DAL.Test", "DAL.Test\DAL.Test.csproj", "{E70E5930-C650-4A02-9B85-E9E683FD6BB5}"
EndProject
Project("{FAE04EC0-301F-11D3-BF4B-00C04F79EFBC}") = "BL.Test", "BL.Test\BL.Test.csproj", "{64F33093-50AB-4AFC-B0CB-BB06FE31917B}"
EndProject
Global
	GlobalSection(SolutionConfigurationPlatforms) = preSolution
		Debug|Any CPU = Debug|Any CPU
		Debug|x64 = Debug|x64
		Debug|x86 = Debug|x86
		Release|Any CPU = Release|Any CPU
		Release|x64 = Release|x64
		Release|x86 = Release|x86
	EndGlobalSection
	GlobalSection(SolutionProperties) = preSolution
		HideSolutionNode = FALSE
	EndGlobalSection
	GlobalSection(ProjectConfigurationPlatforms) = postSolution
		{00702B78-CF5C-4F01-9680-4F05306BF7B1}.Debug|Any CPU.ActiveCfg = Debug|Any CPU
		{00702B78-CF5C-4F01-9680-4F05306BF7B1}.Debug|Any CPU.Build.0 = Debug|Any CPU
		{00702B78-CF5C-4F01-9680-4F05306BF7B1}.Debug|x64.ActiveCfg = Debug|Any CPU
		{00702B78-CF5C-4F01-9680-4F05306BF7B1}.Debug|x64.Build.0 = Debug|Any CPU
		{00702B78-CF5C-4F01-9680-4F05306BF7B1}.Debug|x86.ActiveCfg = Debug|Any CPU
		{00702B78-CF5C-4F01-9680-4F05306BF7B1}.Debug|x86.Build.0 = Debug|Any CPU
		{00702B78-CF5C-4F01-9680-4F05306BF7B1}.Release|Any CPU.ActiveCfg = Release|Any CPU
		{00702B78-CF5C-4F01-9680-4F05306BF7B1}.Release|Any CPU.Build.0 = Release|Any CPU
		{00702B78-CF5C-4F01-9680-4F05306BF7B1}.Release|x64.ActiveCfg = Release|Any CPU
		{00702B78-CF5C-4F01-9680-4F05306BF7B1}.Release|x64.Build.0 = Release|Any CPU
		{00702B78-CF5C-4F01-9680-4F05306BF7B1}.Release|x86.ActiveCfg = Release|Any CPU
		{00702B78-CF5C-4F01-9680-4F05306BF7B1}.Release|x86.Build.0 = Release|Any CPU
		{D1794D1D-1CDB-4626-840C-7A0C5DA076B2}.Debug|Any CPU.ActiveCfg = Debug|Any CPU
		{D1794D1D-1CDB-4626-840C-7A0C5DA076B2}.Debug|Any CPU.Build.0 = Debug|Any CPU
		{D1794D1D-1CDB-4626-840C-7A0C5DA076B2}.Debug|x64.ActiveCfg = Debug|Any CPU
		{D1794D1D-1CDB-4626-840C-7A0C5DA076B2}.Debug|x64.Build.0 = Debug|Any CPU
		{D1794D1D-1CDB-4626-840C-7A0C5DA076B2}.Debug|x86.ActiveCfg = Debug|Any CPU
		{D1794D1D-1CDB-4626-840C-7A0C5DA076B2}.Debug|x86.Build.0 = Debug|Any CPU
		{D1794D1D-1CDB-4626-840C-7A0C5DA076B2}.Release|Any CPU.ActiveCfg = Release|Any CPU
		{D1794D1D-1CDB-4626-840C-7A0C5DA076B2}.Release|Any CPU.Build.0 = Release|Any CPU
		{D1794D1D-1CDB-4626-840C-7A0C5DA076B2}.Release|x64.ActiveCfg = Release|Any CPU
		{D1794D1D-1CDB-4626-840C-7A0C5DA076B2}.Release|x64.Build.0 = Release|Any CPU
		{D1794D1D-1CDB-4626-840C-7A0C5DA076B2}.Release|x86.ActiveCfg = Release|Any CPU
		{D1794D1D-1CDB-4626-840C-7A0C5DA076B2}.Release|x86.Build.0 = Release|Any CPU
		{F8B4F6F3-1956-4049-9E84-000D61C52FCD}.Debug|Any CPU.ActiveCfg = Debug|Any CPU
		{F8B4F6F3-1956-4049-9E84-000D61C52FCD}.Debug|Any CPU.Build.0 = Debug|Any CPU
		{F8B4F6F3-1956-4049-9E84-000D61C52FCD}.Debug|x64.ActiveCfg = Debug|Any CPU
		{F8B4F6F3-1956-4049-9E84-000D61C52FCD}.Debug|x64.Build.0 = Debug|Any CPU
		{F8B4F6F3-1956-4049-9E84-000D61C52FCD}.Debug|x86.ActiveCfg = Debug|Any CPU
		{F8B4F6F3-1956-4049-9E84-000D61C52FCD}.Debug|x86.Build.0 = Debug|Any CPU
		{F8B4F6F3-1956-4049-9E84-000D61C52FCD}.Release|Any CPU.ActiveCfg = Release|Any CPU
		{F8B4F6F3-1956-4049-9E84-000D61C52FCD}.Release|Any CPU.Build.0 = Release|Any CPU
		{F8B4F6F3-1956-4049-9E84-000D61C52FCD}.Release|x64.ActiveCfg = Release|Any CPU
		{F8B4F6F3-1956-4049-9E84-000D61C52FCD}.Release|x64.Build.0 = Release|Any CPU
		{F8B4F6F3-1956-4049-9E84-000D61C52FCD}.Release|x86.ActiveCfg = Release|Any CPU
		{F8B4F6F3-1956-4049-9E84-000D61C52FCD}.Release|x86.Build.0 = Release|Any CPU
		{B7E1F791-41B1-4EE8-8A1A-33F2EDBEC003}.Debug|Any CPU.ActiveCfg = Debug|Any CPU
		{B7E1F791-41B1-4EE8-8A1A-33F2EDBEC003}.Debug|Any CPU.Build.0 = Debug|Any CPU
		{B7E1F791-41B1-4EE8-8A1A-33F2EDBEC003}.Debug|x64.ActiveCfg = Debug|Any CPU
		{B7E1F791-41B1-4EE8-8A1A-33F2EDBEC003}.Debug|x64.Build.0 = Debug|Any CPU
		{B7E1F791-41B1-4EE8-8A1A-33F2EDBEC003}.Debug|x86.ActiveCfg = Debug|Any CPU
		{B7E1F791-41B1-4EE8-8A1A-33F2EDBEC003}.Debug|x86.Build.0 = Debug|Any CPU
		{B7E1F791-41B1-4EE8-8A1A-33F2EDBEC003}.Release|Any CPU.ActiveCfg = Release|Any CPU
		{B7E1F791-41B1-4EE8-8A1A-33F2EDBEC003}.Release|Any CPU.Build.0 = Release|Any CPU
		{B7E1F791-41B1-4EE8-8A1A-33F2EDBEC003}.Release|x64.ActiveCfg = Release|Any CPU
		{B7E1F791-41B1-4EE8-8A1A-33F2EDBEC003}.Release|x64.Build.0 = Release|Any CPU
		{B7E1F791-41B1-4EE8-8A1A-33F2EDBEC003}.Release|x86.ActiveCfg = Release|Any CPU
		{B7E1F791-41B1-4EE8-8A1A-33F2EDBEC003}.Release|x86.Build.0 = Release|Any CPU
		{E70E5930-C650-4A02-9B85-E9E683FD6BB5}.Debug|Any CPU.ActiveCfg = Debug|Any CPU
		{E70E5930-C650-4A02-9B85-E9E683FD6BB5}.Debug|Any CPU.Build.0 = Debug|Any CPU
		{E70E5930-C650-4A02-9B85-E9E683FD6BB5}.Debug|x64.ActiveCfg = Debug|Any CPU
		{E70E5930-C650-4A02-9B85-E9E683FD6BB5}.Debug|x64.Build.0 = Debug|Any CPU
		{E70E5930-C650-4A02-9B85-E9E683FD6BB5}.Debug|x86.ActiveCfg = Debug|Any CPU
		{E70E5930-C650-4A02-9B85-E9E683FD6BB5}.Debug|x86.Build.0 = Debug|Any CPU
		{E70E5930-C650-4A02-9B85-E9E683FD6BB5}.Release|Any CPU.ActiveCfg = Release|Any CPU
		{E70E5930-C650-4A02-9B85-E9E683FD6BB5}.Release|Any CPU.Build.0 = Release|Any CPU
		{E70E5930-C650-4A02-9B85-E9E683FD6BB5}.Release|x64.ActiveCfg = Release|Any CPU
		{E70E5930-C650-4A02-9B85-E9E683FD6BB5}.Release|x64.Build.0 = Release|Any CPU
		{E70E5930-C650-4A02-9B85-E9E683FD6BB5}.Release|x86.ActiveCfg = Release|Any CPU
		{E70E5930-C650-4A02-9B85-E9E683FD6BB5}.Release|x86.Build.0 = Release|Any CPU
		{64F33093-50AB-4AFC-B0CB-BB06FE31917B}.Debug|Any CPU.ActiveCfg = Debug|Any CPU
		{64F33093-50AB-4AFC-B0CB-BB06FE31917B}.Debug|Any CPU.Build.0 = Debug|Any CPU
		{64F33093-50AB-4AFC-B0CB-BB06FE31917B}.Debug|x64.ActiveCfg = Debug|Any CPU
		{64F33093-50AB-4AFC-B0CB-BB06FE31917B}.Debug|x64.Build.0 = Debug|Any CPU
		{64F33093-50AB-4AFC-B0CB-BB06FE31917B}.Debug|x86.ActiveCfg = Debug|Any CPU
		{64F33093-50AB-4AFC-B0CB-BB06FE31917B}.Debug|x86.Build.0 = Debug|Any CPU
		{64F33093-50AB-4AFC-B0CB-BB06FE31917B}.Release|Any CPU.ActiveCfg = Release|Any CPU
		{64F33093-50AB-4AFC-B0CB-BB06FE31917B}.Release|Any CPU.Build.0 = Release|Any CPU
		{64F33093-50AB-4AFC-B0CB-BB06FE31917B}.Release|x64.ActiveCfg = Release|Any CPU
		{64F33093-50AB-4AFC-B0CB-BB06FE31917B}.Release|x64.Build.0 = Release|Any CPU
		{64F33093-50AB-4AFC-B0CB-BB06FE31917B}.Release|x86.ActiveCfg = Release|Any CPU
		{64F33093-50AB-4AFC-B0CB-BB06FE31917B}.Release|x86.Build.0 = Release|Any CPU
	EndGlobalSection
EndGlobal
